
Microsoft Visual Studio Solution File, Format Version 12.00
# Visual Studio Version 17
VisualStudioVersion = 17.7.34221.43
MinimumVisualStudioVersion = 10.0.40219.1
Project("{FAE04EC0-301F-11D3-BF4B-00C04F79EFBC}") = "Vista", "Vista\Vista.csproj", "{2C880C3F-9F29-4669-9E21-E3BE6E9F6969}"
EndProject
Project("{FAE04EC0-301F-11D3-BF4B-00C04F79EFBC}") = "Controlador", "Controlador\Controlador.csproj", "{663ADDD4-042F-4FDE-AE66-5E59F95BEA23}"
EndProject
Project("{FAE04EC0-301F-11D3-BF4B-00C04F79EFBC}") = "Modelo", "Modelo\Modelo.csproj", "{DE41D954-ED28-4AE5-9E3D-45FC9E137218}"
EndProject
Global
	GlobalSection(SolutionConfigurationPlatforms) = preSolution
		Debug|Any CPU = Debug|Any CPU
		Release|Any CPU = Release|Any CPU
	EndGlobalSection
	GlobalSection(ProjectConfigurationPlatforms) = postSolution
		{2C880C3F-9F29-4669-9E21-E3BE6E9F6969}.Debug|Any CPU.ActiveCfg = Debug|Any CPU
		{2C880C3F-9F29-4669-9E21-E3BE6E9F6969}.Debug|Any CPU.Build.0 = Debug|Any CPU
		{2C880C3F-9F29-4669-9E21-E3BE6E9F6969}.Release|Any CPU.ActiveCfg = Release|Any CPU
		{2C880C3F-9F29-4669-9E21-E3BE6E9F6969}.Release|Any CPU.Build.0 = Release|Any CPU
		{663ADDD4-042F-4FDE-AE66-5E59F95BEA23}.Debug|Any CPU.ActiveCfg = Debug|Any CPU
		{663ADDD4-042F-4FDE-AE66-5E59F95BEA23}.Debug|Any CPU.Build.0 = Debug|Any CPU
		{663ADDD4-042F-4FDE-AE66-5E59F95BEA23}.Release|Any CPU.ActiveCfg = Release|Any CPU
		{663ADDD4-042F-4FDE-AE66-5E59F95BEA23}.Release|Any CPU.Build.0 = Release|Any CPU
		{DE41D954-ED28-4AE5-9E3D-45FC9E137218}.Debug|Any CPU.ActiveCfg = Debug|Any CPU
		{DE41D954-ED28-4AE5-9E3D-45FC9E137218}.Debug|Any CPU.Build.0 = Debug|Any CPU
		{DE41D954-ED28-4AE5-9E3D-45FC9E137218}.Release|Any CPU.ActiveCfg = Release|Any CPU
		{DE41D954-ED28-4AE5-9E3D-45FC9E137218}.Release|Any CPU.Build.0 = Release|Any CPU
	EndGlobalSection
	GlobalSection(SolutionProperties) = preSolution
		HideSolutionNode = FALSE
	EndGlobalSection
	GlobalSection(ExtensibilityGlobals) = postSolution
		SolutionGuid = {40CDEE61-FAE5-4DFB-9204-A75094596C57}
	EndGlobalSection
EndGlobal
